# Generated by buf. DO NOT EDIT.
version: v2
deps:
  - name: buf.build/bufbuild/confluent
    commit: 65369e65bbcd4715989b6fbe53cb8a71
    digest: b5:4c002e10c90c1b84be15e7f1f95508ad07499225faf79305f9e03bd7b0dc174e5720b6f3762e30dee4d703cba4c7522c4242b58770c28c2d881c35e86dc114fb
  - name: buf.build/bufbuild/protovalidate
    commit: 9f2d3c737feb481a83375159c0733275
    digest: b5:19d3b83f7df2d284ff5935f4622d7f27e7464a93c210edb536e92a52bcc69b2a18da1312e96b5461601eba7b3764d5e90321bd62e6966870e7dbc2e4dedd98d6

