version = 1
revision = 3
requires-python = ">=3.11"

[[package]]
name = "arrow"
version = "1.3.0"
source = { registry = "https://pypi.org/simple" }
dependencies = [
    { name = "python-dateutil" },
    { name = "types-python-dateutil" },
]
sdist = { url = "https://files.pythonhosted.org/packages/2e/00/0f6e8fcdb23ea632c866620cc872729ff43ed91d284c866b515c6342b173/arrow-1.3.0.tar.gz", hash = "sha256:d4540617648cb5f895730f1ad8c82a65f2dad0166f57b75f3ca54759c4d67a85", size = 131960, upload-time = "2023-09-30T22:11:18.25Z" }
wheels = [
    { url = "https://files.pythonhosted.org/packages/f8/ed/e97229a566617f2ae958a6b13e7cc0f585470eac730a73e9e82c32a3cdd2/arrow-1.3.0-py3-none-any.whl", hash = "sha256:c728b120ebc00eb84e01882a6f5e7927a53960aa990ce7dd2b10f39005a67f80", size = 66419, upload-time = "2023-09-30T22:11:16.072Z" },
]

[[package]]
name = "confluent-kafka"
version = "2.11.1"
source = { registry = "https://pypi.org/simple" }
sdist = { url = "https://files.pythonhosted.org/packages/e1/e4/cd2dc58cd583788a362c2d59d179a6537b81c3bf70c6a1907c508117ca77/confluent_kafka-2.11.1.tar.gz", hash = "sha256:a9366d9dc07a527ed0dcef9c24ba38238cf9dc63c3f53b79da15d45ce4459166", size = 227194, upload-time = "2025-08-18T21:27:48.103Z" }
wheels = [
    { url = "https://files.pythonhosted.org/packages/fb/b4/9a38fefdf81e2071ea802ce806779df347ec6cb0933bf79bfe816286991e/confluent_kafka-2.11.1-cp311-cp311-macosx_10_9_x86_64.whl", hash = "sha256:407ce01ea64d29aa6dedecd54b775563f10ed5ce97067b37ee68c8e021a489f5", size = 3590320, upload-time = "2025-08-18T21:26:29.927Z" },
    { url = "https://files.pythonhosted.org/packages/23/c1/f19b6c673088a53beebb66ccd50a64becfe3baa2d556ace025fef54fb44b/confluent_kafka-2.11.1-cp311-cp311-macosx_11_0_arm64.whl", hash = "sha256:bc0fedcc007c32a94cf96bca5075b39b2d38d1f72a88bbc4b81dbdf24ae55663", size = 3118548, upload-time = "2025-08-18T21:26:31.434Z" },
    { url = "https://files.pythonhosted.org/packages/23/26/13e7e8ab8093ee3e2820a6b759eaf8c663e7646e23a2ff5f15ec2bce4f33/confluent_kafka-2.11.1-cp311-cp311-manylinux_2_28_aarch64.whl", hash = "sha256:be2d13b1b754f85a5c1ccfc60266e2ce108477942b59b72cc07941eb4d671379", size = 15376214, upload-time = "2025-08-18T21:26:34.188Z" },
    { url = "https://files.pythonhosted.org/packages/40/aa/ebf3facd881cb0b4e79fae29f040079ff2cb1ae4aabee08456e3ab536828/confluent_kafka-2.11.1-cp311-cp311-manylinux_2_28_x86_64.whl", hash = "sha256:61caa7929443ca0bf4ac5c61d37fbc3e77f5fa094adf2337eb62d2742a0b2290", size = 3911998, upload-time = "2025-08-18T21:26:37.241Z" },
    { url = "https://files.pythonhosted.org/packages/5e/a0/30a2b36b359d36f4b71cc49522fe5a3ef96a9a59a7df1f3a86f6c758d01b/confluent_kafka-2.11.1-cp311-cp311-win_amd64.whl", hash = "sha256:943b976a1de21176f29efab8d86f3cc3460ee8017d6ff3d471d4a0dac3551d85", size = 4037867, upload-time = "2025-08-18T21:26:38.982Z" },
    { url = "https://files.pythonhosted.org/packages/8a/c5/708f138c14f2b3a6f47485c632be8207e896912e5001f2ef048db5c41c2e/confluent_kafka-2.11.1-cp312-cp312-macosx_10_9_x86_64.whl", hash = "sha256:2c8e2e2d26ac58037d710f49c0ced0db5af88bc4e7714e65310a6855de3f7f73", size = 3596299, upload-time = "2025-08-18T21:26:40.559Z" },
    { url = "https://files.pythonhosted.org/packages/25/7e/93e0c618e5abc2df9e9c8e512fb264fe60144e12f32f03f79d98ae46c736/confluent_kafka-2.11.1-cp312-cp312-macosx_11_0_arm64.whl", hash = "sha256:44bc1bfcfb71ca0f5ab71312a8735678b3132e8f89fbed70285aaf1b5234e4f3", size = 3123982, upload-time = "2025-08-18T21:26:42.231Z" },
    { url = "https://files.pythonhosted.org/packages/03/eb/9e0b3cb9914e7ad112caa4edddf19e342f704631e6808a1c97f93b024c1c/confluent_kafka-2.11.1-cp312-cp312-manylinux_2_28_aarch64.whl", hash = "sha256:bc6842dc30ef258e4c5b7c6e322d992cd001b6e319838aa7a6ec210374e16830", size = 15380670, upload-time = "2025-08-18T21:26:44.777Z" },
    { url = "https://files.pythonhosted.org/packages/c6/01/f95547a5eeaf5253b299026633b521732eee58a58f9cfe4cc7f602d204f8/confluent_kafka-2.11.1-cp312-cp312-manylinux_2_28_x86_64.whl", hash = "sha256:3e01607c3613863fb0f4f86c7fc3421c4af6f70686bf903ab475c113dfacb372", size = 3916459, upload-time = "2025-08-18T21:26:48.014Z" },
    { url = "https://files.pythonhosted.org/packages/d1/d4/2a65ada2015364a9791e55697beaddc00a42e2943c5b90e6349da80ede4e/confluent_kafka-2.11.1-cp312-cp312-win_amd64.whl", hash = "sha256:4b4c371090ded6084c893a51e8aba19bc8ae6ce9c019658cb11fab82b3e93458", size = 4038551, upload-time = "2025-08-18T21:26:50.469Z" },
    { url = "https://files.pythonhosted.org/packages/52/54/6c790187fce06fb84741f21bf25a9435385a891b8a3b73b4fb5a1bf71d6f/confluent_kafka-2.11.1-cp313-cp313-macosx_13_0_arm64.whl", hash = "sha256:9618041f031320e113f9dc533c0dbd1d768dd008855ae4be1ed21148442f146e", size = 3128480, upload-time = "2025-08-18T21:26:52.688Z" },
    { url = "https://files.pythonhosted.org/packages/d5/40/aa219be95629a1da072996edae96c4db82a72f1e3610cd490f8c9aa57799/confluent_kafka-2.11.1-cp313-cp313-macosx_13_0_x86_64.whl", hash = "sha256:4f8d9dee49975a63b31dd71f0a0b4d3a2af9754a21d18d218fec6c0d9cb6eea3", size = 3599681, upload-time = "2025-08-18T21:26:54.942Z" },
    { url = "https://files.pythonhosted.org/packages/ba/0c/29616e188b1c8a1e3fc24a3a9b5d0340591d246ee097706945f89ecb49a2/confluent_kafka-2.11.1-cp313-cp313-manylinux_2_28_aarch64.whl", hash = "sha256:e173c3e021bd525c14ea107a960c467d9fc7fe7e7d72cde1308bcddd58774f86", size = 15381089, upload-time = "2025-08-18T21:26:59.278Z" },
    { url = "https://files.pythonhosted.org/packages/e8/34/1145c73d4ab35ce71ce8fcc9238a59fddb304de01dbf8a10039ab8ff55ea/confluent_kafka-2.11.1-cp313-cp313-manylinux_2_28_x86_64.whl", hash = "sha256:639b7b776dc1d830b0ee4188487c54977fe7d5bf70befbdcf222ac9e1b72ab7e", size = 3916834, upload-time = "2025-08-18T21:27:02.376Z" },
    { url = "https://files.pythonhosted.org/packages/af/a3/77a5d2bbd20808ed571844e5de40b3422261824f66a20a5f3e0f44aa1061/confluent_kafka-2.11.1-cp313-cp313-win_amd64.whl", hash = "sha256:09f7703fe54429911f7d1cdf62c3044c4b7eaefa0af9d2dbcf4b513d97673380", size = 4098185, upload-time = "2025-08-18T21:27:04.82Z" },
    { url = "https://files.pythonhosted.org/packages/b1/70/8f56755827e9423777571116518127c9b2f357299f082ed386898f63740a/confluent_kafka-2.11.1-cp313-cp313t-manylinux_2_28_aarch64.whl", hash = "sha256:bc6eceedf0cda75ea666899d972ca9c68b529f1ff36ed99f5f15503d0d08d1b3", size = 15379674, upload-time = "2025-08-18T21:27:09.249Z" },
]

[[package]]
name = "maxminddb"
version = "2.8.2"
source = { registry = "https://pypi.org/simple" }
sdist = { url = "https://files.pythonhosted.org/packages/94/9c/5af549744e7a1e986bddd119c0bbca7f7fa7fb72590b554cb860a0c3acb1/maxminddb-2.8.2.tar.gz", hash = "sha256:26a8e536228d8cc28c5b8f574a571a2704befce3b368ceca593a76d56b6590f9", size = 194388, upload-time = "2025-07-25T20:32:05.037Z" }
wheels = [
    { url = "https://files.pythonhosted.org/packages/fc/2a/e61a2544d69ef0d0f31dec9afe943d4e28d2667f9293f490b843620b426b/maxminddb-2.8.2-cp311-cp311-macosx_10_9_universal2.whl", hash = "sha256:7c6d18662c285bb5dfa3b8f2b222c5f77d2521f1d9260a025d8c8b8ec87916f4", size = 52246, upload-time = "2025-07-25T20:30:09.735Z" },
    { url = "https://files.pythonhosted.org/packages/de/c7/429492073b45d50d2a636b890abe54661f3e84c844711f9d57246b7e9739/maxminddb-2.8.2-cp311-cp311-macosx_10_9_x86_64.whl", hash = "sha256:4fd06457cee79e465e72cf21a46c78d5a8574dfeed98b54c106f14f47d237009", size = 35194, upload-time = "2025-07-25T20:30:10.995Z" },
    { url = "https://files.pythonhosted.org/packages/27/b1/a27b00e554ce461c7a4031c6f236a2110e0dc2540c10c2e166d67a82bd45/maxminddb-2.8.2-cp311-cp311-macosx_11_0_arm64.whl", hash = "sha256:711beeb8fda0169c379e77758499f4b7feb56a89327e894fff57bf35d9fe35d5", size = 35006, upload-time = "2025-07-25T20:30:12.085Z" },
    { url = "https://files.pythonhosted.org/packages/2d/4d/255c7eebcaee9784665b7d73075b3aa60dc72e420db63264f0789e29e774/maxminddb-2.8.2-cp311-cp311-manylinux2014_aarch64.manylinux_2_17_aarch64.manylinux_2_28_aarch64.whl", hash = "sha256:cc0eaef5f5a371484542503d70b979e14dd2efded78a19029e78c4e016d7d694", size = 94909, upload-time = "2025-07-25T20:30:13.26Z" },
    { url = "https://files.pythonhosted.org/packages/5b/df/debe55bf6edc34ed0572ea716d9c58c5e42d76df028cda63c86f54445fff/maxminddb-2.8.2-cp311-cp311-manylinux2014_x86_64.manylinux_2_17_x86_64.manylinux_2_28_x86_64.whl", hash = "sha256:9a38f213e887c273ba14f563980f15b620bf600576d3ba530dd12416004dcd33", size = 92498, upload-time = "2025-07-25T20:30:14.747Z" },
    { url = "https://files.pythonhosted.org/packages/5e/cc/b0ee8e3807e5adeb7cb9cea6d59f5e3fe63001ca70b9a96ab5bdc7964160/maxminddb-2.8.2-cp311-cp311-musllinux_1_2_aarch64.whl", hash = "sha256:a3fbf0d36cb3fad3743cd2c522855577209c533a782c7176b4d54550928f6935", size = 92466, upload-time = "2025-07-25T20:30:16.478Z" },
    { url = "https://files.pythonhosted.org/packages/c9/ca/7bfabf900ff7cadd5b8d5a259619bcb43d8fce4ef482c4d1a79c0e6f9998/maxminddb-2.8.2-cp311-cp311-musllinux_1_2_x86_64.whl", hash = "sha256:b516e113564228ed1965a2454bba901a85984aef599b61e98ce743ce94c22a07", size = 90598, upload-time = "2025-07-25T20:30:17.81Z" },
    { url = "https://files.pythonhosted.org/packages/48/d1/70dfb4cec8190e426f7576384d3adc64ef3bff5b3fd51805c2d49334434c/maxminddb-2.8.2-cp311-cp311-win32.whl", hash = "sha256:c7fc5b3ea6b9a664712544738f14da256981031d0a951e590508a79f4d4a37d1", size = 34595, upload-time = "2025-07-25T20:30:19.362Z" },
    { url = "https://files.pythonhosted.org/packages/e0/0c/3633d901e0bd90933cde5b2b7200ea22f52becb882a474babd9a10031432/maxminddb-2.8.2-cp311-cp311-win_amd64.whl", hash = "sha256:590399b8c6b41aaf42385da412bb0c0690c3db2720fb3a6e7d6967aecc4342ad", size = 36671, upload-time = "2025-07-25T20:30:20.734Z" },
    { url = "https://files.pythonhosted.org/packages/cb/f3/810af19728d1f834d42e7b585301f4842f386c0baa5c61d9c99ee18772da/maxminddb-2.8.2-cp311-cp311-win_arm64.whl", hash = "sha256:f63d07b6a6d402548f153e0cc31fd21ddd7825a457d4da6205fef6b9211361d8", size = 33037, upload-time = "2025-07-25T20:30:21.813Z" },
    { url = "https://files.pythonhosted.org/packages/58/45/ff56248fbaaca9383d18d73aee60a544f0282d71e54af0bf0dea4128fda5/maxminddb-2.8.2-cp312-cp312-macosx_10_13_universal2.whl", hash = "sha256:bcfb9bc5e31875dd6c1e2de9d748ce403ca5d5d4bc6167973bb0b1bd294bf8d7", size = 52615, upload-time = "2025-07-25T20:30:23.369Z" },
    { url = "https://files.pythonhosted.org/packages/79/44/2703121c2dbba7d03c37294dd407cca2e31dc4542543b93808dd26fd144b/maxminddb-2.8.2-cp312-cp312-macosx_10_13_x86_64.whl", hash = "sha256:e12bec7f672af46e2177e7c1cd5d330eb969f0dc42f672e250b3d5d72e61778d", size = 35394, upload-time = "2025-07-25T20:30:24.55Z" },
    { url = "https://files.pythonhosted.org/packages/c2/25/99e999e630b1a44936c5261827cc94def5eec82ae57a667a76d641b93925/maxminddb-2.8.2-cp312-cp312-macosx_11_0_arm64.whl", hash = "sha256:b23103a754ff1e795d6e107ae23bf9b3360bce9e9bff08c58e388dc2f3fd85ad", size = 35177, upload-time = "2025-07-25T20:30:26.105Z" },
    { url = "https://files.pythonhosted.org/packages/41/21/05c8f50c1b4138516f2bde2810d32c97b84c6d0aefe7e1a1b41635241041/maxminddb-2.8.2-cp312-cp312-manylinux2014_aarch64.manylinux_2_17_aarch64.manylinux_2_28_aarch64.whl", hash = "sha256:1c4a10cb799ed3449d063883df962b76b55fdfe0756dfa82eed9765d95e8fd6e", size = 96062, upload-time = "2025-07-25T20:30:27.33Z" },
    { url = "https://files.pythonhosted.org/packages/66/7a/ba7995d1f6b405c057e6f4bd5751fe667535b0ba84f65ee6eb1493bccb80/maxminddb-2.8.2-cp312-cp312-manylinux2014_x86_64.manylinux_2_17_x86_64.manylinux_2_28_x86_64.whl", hash = "sha256:6315977c0512cb7d982bc2eb869355a168f12ef6d2bd5a4f2c93148bc3c03fdc", size = 94208, upload-time = "2025-07-25T20:30:28.932Z" },
    { url = "https://files.pythonhosted.org/packages/99/6f/11cc4b0f1d7f98965ef3304bd9bf2c587f5e84b99aeac27891f5661565cb/maxminddb-2.8.2-cp312-cp312-musllinux_1_2_aarch64.whl", hash = "sha256:9b24594f04d03855687b8166ee2c7b788f1e1836b4c5fef2e55fc19327f507ac", size = 93448, upload-time = "2025-07-25T20:30:30.438Z" },
    { url = "https://files.pythonhosted.org/packages/ae/d5/31664be079b71b30895875d6781ae08f871d67de04e518c64422271a8b25/maxminddb-2.8.2-cp312-cp312-musllinux_1_2_x86_64.whl", hash = "sha256:b07b72d9297179c74344aaecad48c88dfdea4422e16721b5955015800d865da2", size = 92240, upload-time = "2025-07-25T20:30:31.658Z" },
    { url = "https://files.pythonhosted.org/packages/a4/19/a5931bb077ccb7e719b8a602fb3ffcd577cdd4954cae3d2b9201272cd462/maxminddb-2.8.2-cp312-cp312-win32.whl", hash = "sha256:51d9717354ee7aa02d52c15115fec2d29bb33f31d6c9f5a8a5aaa2c25dc66e63", size = 34751, upload-time = "2025-07-25T20:30:32.883Z" },
    { url = "https://files.pythonhosted.org/packages/63/50/25720ed19f2d62440b94a1333656cccf6c3c1ce2527ed9abf7b35e2557e1/maxminddb-2.8.2-cp312-cp312-win_amd64.whl", hash = "sha256:18132ccd77ad68863b9022451655cbe1e8fc3c973bafcad66a252eff2732a5c1", size = 36782, upload-time = "2025-07-25T20:30:34.378Z" },
    { url = "https://files.pythonhosted.org/packages/9f/30/1c3121365114678d8df4c02fd416d7520c86b1e37708cc7134ccc3c06e78/maxminddb-2.8.2-cp312-cp312-win_arm64.whl", hash = "sha256:59934eb00274f8b7860927f470a2b9b049842f91e2524a24ade99e16755320f2", size = 33040, upload-time = "2025-07-25T20:30:35.474Z" },
    { url = "https://files.pythonhosted.org/packages/bb/33/06d8d8eb2e422bbff372628c23ce09a2d51f50b9283449c5d8cef0225fe3/maxminddb-2.8.2-cp313-cp313-android_21_arm64_v8a.whl", hash = "sha256:b32a8b61e0dae09c80f41dcd6dc4a442a3cc94b7874a18931daecfea274f640c", size = 36642, upload-time = "2025-07-25T20:30:36.627Z" },
    { url = "https://files.pythonhosted.org/packages/41/c1/dca3608b85d3889760bdf98e931ac66e236f9b8da640f47461c8549fe931/maxminddb-2.8.2-cp313-cp313-android_21_x86_64.whl", hash = "sha256:5f12674cee687cd41c9be1c9ab806bd6a777864e762d5f34ec57c0afa9a21411", size = 37052, upload-time = "2025-07-25T20:30:37.912Z" },
    { url = "https://files.pythonhosted.org/packages/c1/e0/3af26974a2c267939c394d6481723021bdb67af570f948cf510f80e6aeb1/maxminddb-2.8.2-cp313-cp313-ios_13_0_arm64_iphoneos.whl", hash = "sha256:995a506a02f70a33ba5ee9f73ce737ef8cdb219bfca3177db79622ebc5624057", size = 34381, upload-time = "2025-07-25T20:30:39.363Z" },
    { url = "https://files.pythonhosted.org/packages/28/ce/26e06d888f057f98b4bc269ee0f8d0ede3dad9684d38e4033acc444b08e5/maxminddb-2.8.2-cp313-cp313-ios_13_0_arm64_iphonesimulator.whl", hash = "sha256:5ef9b7f106a1e9ee08f47cd98f7ae80fa40fc0fd40d97cf0d011266738847b52", size = 34918, upload-time = "2025-07-25T20:30:40.512Z" },
    { url = "https://files.pythonhosted.org/packages/0c/a2/0e23f5c33461d1d43d201f2c741c6318d658907833d22cec4ee475d6fab8/maxminddb-2.8.2-cp313-cp313-macosx_10_13_universal2.whl", hash = "sha256:adeceeb591755b36a0dc544b92f6d80fc5c112519f5ed8211c34d2ad796bfac0", size = 52619, upload-time = "2025-07-25T20:30:41.645Z" },
    { url = "https://files.pythonhosted.org/packages/d9/ec/3a69a57a9ba4c7d62105fe235642f744bf4ef7cd057f8019a14b1b8eea6d/maxminddb-2.8.2-cp313-cp313-macosx_10_13_x86_64.whl", hash = "sha256:5c8df08cbdafaa04f7d36a0506e342e4cd679587b56b0fad065b4777e94c8065", size = 35399, upload-time = "2025-07-25T20:30:42.804Z" },
    { url = "https://files.pythonhosted.org/packages/30/b3/b904e778e347ed40e5c82717609e1ecdcdff6c7d7ea2f844a6a20578daef/maxminddb-2.8.2-cp313-cp313-macosx_11_0_arm64.whl", hash = "sha256:3e982112e239925c2d8739f834c71539947e54747e56e66c6d960ac356432f32", size = 35165, upload-time = "2025-07-25T20:30:45.534Z" },
    { url = "https://files.pythonhosted.org/packages/34/da/685eeae2ad155d970efabad5ca86ed745665a2ff7576d8fa3d9b9bdb7f8a/maxminddb-2.8.2-cp313-cp313-manylinux2014_aarch64.manylinux_2_17_aarch64.manylinux_2_28_aarch64.whl", hash = "sha256:5ef30c32af0107e6b0b9d53f9ae949cf74ddb6882025054bd7500a7b1eb02ec0", size = 96127, upload-time = "2025-07-25T20:30:46.716Z" },
    { url = "https://files.pythonhosted.org/packages/fd/24/a7f54b2b6d808cc4dd485adc004fcd66e103d0aacbf448afd419c0c18380/maxminddb-2.8.2-cp313-cp313-manylinux2014_x86_64.manylinux_2_17_x86_64.manylinux_2_28_x86_64.whl", hash = "sha256:685df893f44606dcb1353b31762b18a2a9537015f1b9e7c0bb3ae74c9fbced32", size = 94250, upload-time = "2025-07-25T20:30:48.45Z" },
    { url = "https://files.pythonhosted.org/packages/6e/cb/bbc5c11201497d7dd42d3240141a8ec484ff704afdf6dff7a7a2de5a6291/maxminddb-2.8.2-cp313-cp313-musllinux_1_2_aarch64.whl", hash = "sha256:e3dc27c443cf27b35d4d77ff90fbc6caf1c4e28cffd967775b11cf993af5b9d1", size = 93399, upload-time = "2025-07-25T20:30:50.052Z" },
    { url = "https://files.pythonhosted.org/packages/c8/e6/521c750ea7480fbe362b7bb2821937544313fd3b697f30f4c1975b85c816/maxminddb-2.8.2-cp313-cp313-musllinux_1_2_x86_64.whl", hash = "sha256:742e857b4411ae3d59c555c2aa96856f72437374cf668c3bed18647092584af6", size = 92250, upload-time = "2025-07-25T20:30:51.259Z" },
    { url = "https://files.pythonhosted.org/packages/c2/4b/9a522ba96a48882c7a954636411f05994573af2eed4b93b511ca6ea3d023/maxminddb-2.8.2-cp313-cp313-win32.whl", hash = "sha256:1fba9c16f5e492eee16362e8204aaec30241167a3466874ca9b0521dec32d63e", size = 34759, upload-time = "2025-07-25T20:30:52.936Z" },
    { url = "https://files.pythonhosted.org/packages/e8/4a/e0d7451b56821fe0ec794a917cceb67efac8510013783cc5713b733d5ff4/maxminddb-2.8.2-cp313-cp313-win_amd64.whl", hash = "sha256:cfbfee615d2566124cb6232401d89f15609f5297eb4f022f1f6a14205c091df6", size = 36771, upload-time = "2025-07-25T20:30:54.076Z" },
    { url = "https://files.pythonhosted.org/packages/71/27/abffb686514905994ef26191971ca30765c45e391d82ee2ea6b2ecfe1bad/maxminddb-2.8.2-cp313-cp313-win_arm64.whl", hash = "sha256:2ade954d94087039fc45de99eeae0e2f0480d69a767abd417bd0742bf5d177ab", size = 33041, upload-time = "2025-07-25T20:30:55.567Z" },
    { url = "https://files.pythonhosted.org/packages/03/d2/844530632ef917f622742d6d5beae5c3ebed7d424af02bf428b639e42a41/maxminddb-2.8.2-cp314-cp314-ios_13_0_arm64_iphoneos.whl", hash = "sha256:7d5db6d4f8caaf7b753a0f6782765ea5352409ef6d430196b0dc7c61c0a8c72b", size = 34384, upload-time = "2025-07-25T20:30:57.046Z" },
    { url = "https://files.pythonhosted.org/packages/ee/6c/ff9555963983d99a201a5068ab037c92583cd8422046d7064e2cab92c09f/maxminddb-2.8.2-cp314-cp314-ios_13_0_arm64_iphonesimulator.whl", hash = "sha256:bda6015f617b4ec6f1a49ae74b1a36c10d997602d3e9141514ef11983e6ddf8d", size = 34929, upload-time = "2025-07-25T20:30:58.194Z" },
    { url = "https://files.pythonhosted.org/packages/aa/c2/8d093e973edb1ca0ad54a80f124b4e8d1db5508a00c0f98765d0df6bd4d5/maxminddb-2.8.2-cp314-cp314-macosx_10_13_universal2.whl", hash = "sha256:4e32f5608af05bc0b6cee91edd0698f6a310ae9dd0f3cebfb524a6b444c003a2", size = 52616, upload-time = "2025-07-25T20:30:59.294Z" },
    { url = "https://files.pythonhosted.org/packages/5d/85/8442162353c28ff0679f348d2099f24d9be9b84f9ffa1ed21e8ecafe64dc/maxminddb-2.8.2-cp314-cp314-macosx_10_13_x86_64.whl", hash = "sha256:5abf18c51f3a3e5590ea77d43bff159a9f88cec1f95a7e3fc2a39a21fc8f9e7c", size = 35405, upload-time = "2025-07-25T20:31:00.821Z" },
    { url = "https://files.pythonhosted.org/packages/14/df/f37d5b2605ae0f1d3f87d45ddbab032f36b2cae29f80f02c390001b35677/maxminddb-2.8.2-cp314-cp314-macosx_11_0_arm64.whl", hash = "sha256:3c8d57063ff2c6d0690e5d907a10b5b6ba64e0ab5e6d8661b6075fbda854e97d", size = 35174, upload-time = "2025-07-25T20:31:02.112Z" },
    { url = "https://files.pythonhosted.org/packages/32/12/5d562de6243b8631f9480b7deac92cb62ec5ae8aecd4e3ccdaecfc177c24/maxminddb-2.8.2-cp314-cp314-manylinux2014_aarch64.manylinux_2_17_aarch64.manylinux_2_28_aarch64.whl", hash = "sha256:73d603c7202e1338bdbb3ead8a3db4f74825e419ecc8733ef8a76c14366800d2", size = 96060, upload-time = "2025-07-25T20:31:03.318Z" },
    { url = "https://files.pythonhosted.org/packages/3a/95/04c8c2526e4c0c0d2894052c7d07f39c9b8d1185bd2da5752de2effc287a/maxminddb-2.8.2-cp314-cp314-manylinux2014_x86_64.manylinux_2_17_x86_64.manylinux_2_28_x86_64.whl", hash = "sha256:acca37ed0372efa01251da32db1a5d81189369449bc4b943d3087ebc9e30e814", size = 94013, upload-time = "2025-07-25T20:31:04.592Z" },
    { url = "https://files.pythonhosted.org/packages/c7/98/7870de3e5cf362c567c0a9cf7a8834d3699fe0a52e601fc352c902d3ebc7/maxminddb-2.8.2-cp314-cp314-musllinux_1_2_aarch64.whl", hash = "sha256:1e1e3ef04a686cf7d893a8274ddc0081bd40121ac4923b67e8caa902094ac111", size = 93350, upload-time = "2025-07-25T20:31:05.815Z" },
    { url = "https://files.pythonhosted.org/packages/e3/ef/7eb25529011cf0e18fb529792ad5225b402a3e80728cfbd7604e53c5ada3/maxminddb-2.8.2-cp314-cp314-musllinux_1_2_x86_64.whl", hash = "sha256:c6657615038d8fe106acccd2bf4fe073d07f72886ee893725c74649687635a1a", size = 92036, upload-time = "2025-07-25T20:31:07.03Z" },
    { url = "https://files.pythonhosted.org/packages/0c/9d/12926eac198a920a2c4f9ce6e57de33d47a6c40ccb1637362abfd268f017/maxminddb-2.8.2-cp314-cp314-win32.whl", hash = "sha256:af058500ab3448b709c43f1aefd3d9f7c5f1773af07611d589502ea78bf2b9dc", size = 35403, upload-time = "2025-07-25T20:31:08.221Z" },
    { url = "https://files.pythonhosted.org/packages/c6/eb/48636b611f604bb072b26be16e6990694bbfdd57553622a784b17c1999c7/maxminddb-2.8.2-cp314-cp314-win_amd64.whl", hash = "sha256:b5982d1b53b50b96a9afcf4f7f49db0a842501f9cf58c4c16c0d62c1b0d22840", size = 37559, upload-time = "2025-07-25T20:31:09.448Z" },
    { url = "https://files.pythonhosted.org/packages/05/4a/27e53d1b9b7b168f259bbfccec1d1383d51c07e112d7bd24e543042e07a1/maxminddb-2.8.2-cp314-cp314-win_arm64.whl", hash = "sha256:48c9f7e182c6e970a412c02e7438c2a66197c0664d0c7da81b951bff86519dd5", size = 33614, upload-time = "2025-07-25T20:31:10.555Z" },
    { url = "https://files.pythonhosted.org/packages/eb/43/e49927eb381fb44c9a06a5ac06da039951fde90bf47f100b495f082d6b37/maxminddb-2.8.2-cp314-cp314t-macosx_10_13_universal2.whl", hash = "sha256:b40ed2ec586a5a479d08bd39838fbfbdff84d7deb57089317f312609f1357384", size = 53708, upload-time = "2025-07-25T20:31:11.642Z" },
    { url = "https://files.pythonhosted.org/packages/8b/d0/ff081ac508358b3a9ca1f0b39d5bf74904aa644b45d2d6d8b9112ad9566e/maxminddb-2.8.2-cp314-cp314t-macosx_10_13_x86_64.whl", hash = "sha256:1ba4036f823a8e6418af0d69734fb176e3d1edd0432e218f3be8362564b53ea5", size = 35925, upload-time = "2025-07-25T20:31:12.804Z" },
    { url = "https://files.pythonhosted.org/packages/bc/30/f94d3acca0314f038a4f1cb83ccbdf0a56b9f13454bab9667af0506ecca0/maxminddb-2.8.2-cp314-cp314t-macosx_11_0_arm64.whl", hash = "sha256:96531e18bddff9639061ee543417f941a2fd41efc7b1699e1e18aba4157b0b03", size = 35757, upload-time = "2025-07-25T20:31:14.322Z" },
    { url = "https://files.pythonhosted.org/packages/b0/21/5710a5aa7f83453fcf36cee11ed113c110a53cdc5a4ecf82904be797101b/maxminddb-2.8.2-cp314-cp314t-manylinux2014_aarch64.manylinux_2_17_aarch64.manylinux_2_28_aarch64.whl", hash = "sha256:bb77ad5c585d6255001d701eafc4758e2d28953ba47510d9f54cc2a9e469c6b6", size = 104991, upload-time = "2025-07-25T20:31:15.542Z" },
    { url = "https://files.pythonhosted.org/packages/47/0c/8cf559f850c3e43e6f490fad458293fdb0b70debbe3fcbf7d7713558044f/maxminddb-2.8.2-cp314-cp314t-manylinux2014_x86_64.manylinux_2_17_x86_64.manylinux_2_28_x86_64.whl", hash = "sha256:3bfd950af416ef4133bc04b059f29ac4d4b356927fa4a500048220d65ec4c6ac", size = 101935, upload-time = "2025-07-25T20:31:16.83Z" },
    { url = "https://files.pythonhosted.org/packages/02/47/104ef451772d1cd852dea2334c2dfb02d6de7caf8d31e1358f10b9af6769/maxminddb-2.8.2-cp314-cp314t-musllinux_1_2_aarch64.whl", hash = "sha256:3bf73612f8fbfa9181ba62fa88fb3d732bdc775017bdb3725e24cdd1a0da92d4", size = 101653, upload-time = "2025-07-25T20:31:18.104Z" },
    { url = "https://files.pythonhosted.org/packages/60/03/139791f82e3857d4d0638494647f74d997a2abded7048ab4ed4622a089ad/maxminddb-2.8.2-cp314-cp314t-musllinux_1_2_x86_64.whl", hash = "sha256:74361fbddb0566970af38cff0a6256ec3f445cb5031da486d0cee6f19ccb9e2e", size = 99517, upload-time = "2025-07-25T20:31:19.764Z" },
    { url = "https://files.pythonhosted.org/packages/4c/45/c625fc2b84b8dcf2181eb411f130729446164215409c8e0c8fd01a53f388/maxminddb-2.8.2-cp314-cp314t-win32.whl", hash = "sha256:6bfb41c3a560a60fc20d0d87cb400003974fbb833b44571250476c2d9cb4d407", size = 36349, upload-time = "2025-07-25T20:31:21.004Z" },
    { url = "https://files.pythonhosted.org/packages/27/8d/46c202be273fd8ec985686e1fdd84ad55c7234dc66d82d6d59e5caf438e4/maxminddb-2.8.2-cp314-cp314t-win_amd64.whl", hash = "sha256:ec6bba1b1f0fd0846aac5b0af1f84804c67702e873aa9d79c9965794a635ada8", size = 38595, upload-time = "2025-07-25T20:31:22.185Z" },
    { url = "https://files.pythonhosted.org/packages/62/33/09601f476fd9d494e967f15c1e05aa1e35bdf5ee54555596e05e5c9ec8c9/maxminddb-2.8.2-cp314-cp314t-win_arm64.whl", hash = "sha256:929a00528db82ffa5aa928a9cd1a972e8f93c36243609c25574dfd920c21533b", size = 33990, upload-time = "2025-07-25T20:31:23.367Z" },
    { url = "https://files.pythonhosted.org/packages/55/a9/50aa454bdf8aa76c7c8cf8343b039461203d4b53d5c3f4eecdb180574981/maxminddb-2.8.2-pp311-pypy311_pp73-macosx_10_15_x86_64.whl", hash = "sha256:28205d215b426c31c35ecc2e71f6ee22ebf12a9a7560ed1efec3709e343d720b", size = 34139, upload-time = "2025-07-25T20:31:44.668Z" },
    { url = "https://files.pythonhosted.org/packages/a2/af/610036e75aa0aebc67e47f89aea73cc2fa92288eb72f4141cf061e0e5673/maxminddb-2.8.2-pp311-pypy311_pp73-macosx_11_0_arm64.whl", hash = "sha256:88b7be82d81a4de2ea40e9bd1f39074ac2d127268a328ad524500c3c210eced1", size = 33735, upload-time = "2025-07-25T20:31:46.341Z" },
    { url = "https://files.pythonhosted.org/packages/a3/c2/b8f8748405c344c03684b12267ec7d8e99c33d8c610da76892ce9a1827f2/maxminddb-2.8.2-pp311-pypy311_pp73-manylinux2014_aarch64.manylinux_2_17_aarch64.manylinux_2_28_aarch64.whl", hash = "sha256:f9a37c151ccdff7ae0be86eff1c464db02237e428f079300b3efc07277762334", size = 38140, upload-time = "2025-07-25T20:31:47.971Z" },
    { url = "https://files.pythonhosted.org/packages/46/ec/25a20b61cf43b2fab1524817f59116132e40c5a272a0dfca1c465ed66324/maxminddb-2.8.2-pp311-pypy311_pp73-manylinux2014_x86_64.manylinux_2_17_x86_64.manylinux_2_28_x86_64.whl", hash = "sha256:1ff2045eadfad106824ff4fe2045e7f8ca737405e3201a9adfa646e2e6cdfad7", size = 36975, upload-time = "2025-07-25T20:31:49.181Z" },
    { url = "https://files.pythonhosted.org/packages/d5/10/8ed5b99189eb380bf7166fd38594f9457c5ba587a3300cc1ec64ddc4a0a6/maxminddb-2.8.2-pp311-pypy311_pp73-win_amd64.whl", hash = "sha256:869add1b2c9c48008e13c8db204b681a82cbe815c5f58ab8267205b522c852c0", size = 36718, upload-time = "2025-07-25T20:31:51.976Z" },
]

[[package]]
name = "pluggy"
version = "1.5.0"
source = { registry = "https://pypi.org/simple" }
sdist = { url = "https://files.pythonhosted.org/packages/96/2d/02d4312c973c6050a18b314a5ad0b3210edb65a906f868e31c111dede4a6/pluggy-1.5.0.tar.gz", hash = "sha256:2cffa88e94fdc978c4c574f15f9e59b7f4201d439195c3715ca9e2486f1d0cf1", size = 67955, upload-time = "2024-04-20T21:34:42.531Z" }
wheels = [
    { url = "https://files.pythonhosted.org/packages/88/5f/e351af9a41f866ac3f1fac4ca0613908d9a41741cfcf2228f4ad853b697d/pluggy-1.5.0-py3-none-any.whl", hash = "sha256:44e1ad92c8ca002de6377e165f3e0f1be63266ab4d554740532335b9d75ea669", size = 20556, upload-time = "2024-04-20T21:34:40.434Z" },
]

[[package]]
name = "plugins-atproto"
version = "0.1.0"
source = { virtual = "." }
dependencies = [
    { name = "arrow" },
    { name = "confluent-kafka" },
    { name = "maxminddb" },
    { name = "pluggy" },
    { name = "pymemcache" },
]

[package.metadata]
requires-dist = [
    { name = "arrow", specifier = ">=1.3.0" },
    { name = "confluent-kafka", specifier = ">=2.11.1" },
    { name = "maxminddb", specifier = ">=1.5.4" },
    { name = "pluggy", specifier = "==1.5.0" },
    { name = "pymemcache", specifier = ">=4.0.0" },
]

[[package]]
name = "pymemcache"
version = "4.0.0"
source = { registry = "https://pypi.org/simple" }
sdist = { url = "https://files.pythonhosted.org/packages/d9/b6/4541b664aeaad025dfb8e851dcddf8e25ab22607e674dd2b562ea3e3586f/pymemcache-4.0.0.tar.gz", hash = "sha256:27bf9bd1bbc1e20f83633208620d56de50f14185055e49504f4f5e94e94aff94", size = 70176, upload-time = "2022-10-17T16:53:07.726Z" }
wheels = [
    { url = "https://files.pythonhosted.org/packages/41/ba/2f7b22d8135b51c4fefb041461f8431e1908778e6539ff5af6eeaaee367a/pymemcache-4.0.0-py2.py3-none-any.whl", hash = "sha256:f507bc20e0dc8d562f8df9d872107a278df049fa496805c1431b926f3ddd0eab", size = 60772, upload-time = "2022-10-17T16:53:04.388Z" },
]

[[package]]
name = "python-dateutil"
version = "2.9.0.post0"
source = { registry = "https://pypi.org/simple" }
dependencies = [
    { name = "six" },
]
sdist = { url = "https://files.pythonhosted.org/packages/66/c0/0c8b6ad9f17a802ee498c46e004a0eb49bc148f2fd230864601a86dcf6db/python-dateutil-2.9.0.post0.tar.gz", hash = "sha256:37dd54208da7e1cd875388217d5e00ebd4179249f90fb72437e91a35459a0ad3", size = 342432, upload-time = "2024-03-01T18:36:20.211Z" }
wheels = [
    { url = "https://files.pythonhosted.org/packages/ec/57/56b9bcc3c9c6a792fcbaf139543cee77261f3651ca9da0c93f5c1221264b/python_dateutil-2.9.0.post0-py2.py3-none-any.whl", hash = "sha256:a8b2bc7bffae282281c8140a97d3aa9c14da0b136dfe83f850eea9a5f7470427", size = 229892, upload-time = "2024-03-01T18:36:18.57Z" },
]

[[package]]
name = "six"
version = "1.17.0"
source = { registry = "https://pypi.org/simple" }
sdist = { url = "https://files.pythonhosted.org/packages/94/e7/b2c673351809dca68a0e064b6af791aa332cf192da575fd474ed7d6f16a2/six-1.17.0.tar.gz", hash = "sha256:ff70335d468e7eb6ec65b95b99d3a2836546063f63acc5171de367e834932a81", size = 34031, upload-time = "2024-12-04T17:35:28.174Z" }
wheels = [
    { url = "https://files.pythonhosted.org/packages/b7/ce/149a00dd41f10bc29e5921b496af8b574d8413afcd5e30dfa0ed46c2cc5e/six-1.17.0-py2.py3-none-any.whl", hash = "sha256:4721f391ed90541fddacab5acf947aa0d3dc7d27b2e1e8eda2be8970586c3274", size = 11050, upload-time = "2024-12-04T17:35:26.475Z" },
]

[[package]]
name = "types-python-dateutil"
version = "2.9.0.20250822"
source = { registry = "https://pypi.org/simple" }
sdist = { url = "https://files.pythonhosted.org/packages/0c/0a/775f8551665992204c756be326f3575abba58c4a3a52eef9909ef4536428/types_python_dateutil-2.9.0.20250822.tar.gz", hash = "sha256:84c92c34bd8e68b117bff742bc00b692a1e8531262d4507b33afcc9f7716cd53", size = 16084, upload-time = "2025-08-22T03:02:00.613Z" }
wheels = [
    { url = "https://files.pythonhosted.org/packages/ab/d9/a29dfa84363e88b053bf85a8b7f212a04f0d7343a4d24933baa45c06e08b/types_python_dateutil-2.9.0.20250822-py3-none-any.whl", hash = "sha256:849d52b737e10a6dc6621d2bd7940ec7c65fcb69e6aa2882acf4e56b2b508ddc", size = 17892, upload-time = "2025-08-22T03:01:59.436Z" },
]
